// !$*UTF8*$!
{
	archiveVersion = 1;
	classes = {
	};
	objectVersion = 56;
	objects = {

/* Begin PBXBuildFile section */
		CEB8B80C2B614EF100A85C09 /* HamsterGalleryApp.swift in Sources */ = {isa = PBXBuildFile; fileRef = CEB8B80B2B614EF100A85C09 /* HamsterGalleryApp.swift */; };
		CEB8B80E2B614EF100A85C09 /* ContentView.swift in Sources */ = {isa = PBXBuildFile; fileRef = CEB8B80D2B614EF100A85C09 /* ContentView.swift */; };
		CEB8B8102B614EF300A85C09 /* Assets.xcassets in Resources */ = {isa = PBXBuildFile; fileRef = CEB8B80F2B614EF300A85C09 /* Assets.xcassets */; };
		CEB8B8132B614EF300A85C09 /* Preview Assets.xcassets in Resources */ = {isa = PBXBuildFile; fileRef = CEB8B8122B614EF300A85C09 /* Preview Assets.xcassets */; };
		CEB8B81D2B614EF400A85C09 /* HamsterGalleryTests.swift in Sources */ = {isa = PBXBuildFile; fileRef = CEB8B81C2B614EF400A85C09 /* HamsterGalleryTests.swift */; };
		CEB8B8272B614EF400A85C09 /* HamsterGalleryUITests.swift in Sources */ = {isa = PBXBuildFile; fileRef = CEB8B8262B614EF400A85C09 /* HamsterGalleryUITests.swift */; };
		CEB8B8292B614EF400A85C09 /* HamsterGalleryUITestsLaunchTests.swift in Sources */ = {isa = PBXBuildFile; fileRef = CEB8B8282B614EF400A85C09 /* HamsterGalleryUITestsLaunchTests.swift */; };
		CEB8B8362B61541000A85C09 /* imagesDetail.swift in Sources */ = {isa = PBXBuildFile; fileRef = CEB8B8352B61541000A85C09 /* imagesDetail.swift */; };
/* End PBXBuildFile section */

/* Begin PBXContainerItemProxy section */
		CEB8B8192B614EF400A85C09 /* PBXContainerItemProxy */ = {
			isa = PBXContainerItemProxy;
			containerPortal = CEB8B8002B614EF100A85C09 /* Project object */;
			proxyType = 1;
			remoteGlobalIDString = CEB8B8072B614EF100A85C09;
			remoteInfo = HamsterGallery;
		};
		CEB8B8232B614EF400A85C09 /* PBXContainerItemProxy */ = {
			isa = PBXContainerItemProxy;
			containerPortal = CEB8B8002B614EF100A85C09 /* Project object */;
			proxyType = 1;
			remoteGlobalIDString = CEB8B8072B614EF100A85C09;
			remoteInfo = HamsterGallery;
		};
/* End PBXContainerItemProxy section */

/* Begin PBXFileReference section */
		CEB8B8082B614EF100A85C09 /* HamsterGallery.app */ = {isa = PBXFileReference; explicitFileType = wrapper.application; includeInIndex = 0; path = HamsterGallery.app; sourceTree = BUILT_PRODUCTS_DIR; };
		CEB8B80B2B614EF100A85C09 /* HamsterGalleryApp.swift */ = {isa = PBXFileReference; lastKnownFileType = sourcecode.swift; path = HamsterGalleryApp.swift; sourceTree = "<group>"; };
		CEB8B80D2B614EF100A85C09 /* ContentView.swift */ = {isa = PBXFileReference; lastKnownFileType = sourcecode.swift; path = ContentView.swift; sourceTree = "<group>"; };
		CEB8B80F2B614EF300A85C09 /* Assets.xcassets */ = {isa = PBXFileReference; lastKnownFileType = folder.assetcatalog; path = Assets.xcassets; sourceTree = "<group>"; };
		CEB8B8122B614EF300A85C09 /* Preview Assets.xcassets */ = {isa = PBXFileReference; lastKnownFileType = folder.assetcatalog; path = "Preview Assets.xcassets"; sourceTree = "<group>"; };
		CEB8B8182B614EF400A85C09 /* HamsterGalleryTests.xctest */ = {isa = PBXFileReference; explicitFileType = wrapper.cfbundle; includeInIndex = 0; path = HamsterGalleryTests.xctest; sourceTree = BUILT_PRODUCTS_DIR; };
		CEB8B81C2B614EF400A85C09 /* HamsterGalleryTests.swift */ = {isa = PBXFileReference; lastKnownFileType = sourcecode.swift; path = HamsterGalleryTests.swift; sourceTree = "<group>"; };
		CEB8B8222B614EF400A85C09 /* HamsterGalleryUITests.xctest */ = {isa = PBXFileReference; explicitFileType = wrapper.cfbundle; includeInIndex = 0; path = HamsterGalleryUITests.xctest; sourceTree = BUILT_PRODUCTS_DIR; };
		CEB8B8262B614EF400A85C09 /* HamsterGalleryUITests.swift */ = {isa = PBXFileReference; lastKnownFileType = sourcecode.swift; path = HamsterGalleryUITests.swift; sourceTree = "<group>"; };
		CEB8B8282B614EF400A85C09 /* HamsterGalleryUITestsLaunchTests.swift */ = {isa = PBXFileReference; lastKnownFileType = sourcecode.swift; path = HamsterGalleryUITestsLaunchTests.swift; sourceTree = "<group>"; };
		CEB8B8352B61541000A85C09 /* imagesDetail.swift */ = {isa = PBXFileReference; lastKnownFileType = sourcecode.swift; path = imagesDetail.swift; sourceTree = "<group>"; };
/* End PBXFileReference section */

/* Begin PBXFrameworksBuildPhase section */
		CEB8B8052B614EF100A85C09 /* Frameworks */ = {
			isa = PBXFrameworksBuildPhase;
			buildActionMask = 2147483647;
			files = (
			);
			runOnlyForDeploymentPostprocessing = 0;
		};
		CEB8B8152B614EF400A85C09 /* Frameworks */ = {
			isa = PBXFrameworksBuildPhase;
			buildActionMask = 2147483647;
			files = (
			);
			runOnlyForDeploymentPostprocessing = 0;
		};
		CEB8B81F2B614EF400A85C09 /* Frameworks */ = {
			isa = PBXFrameworksBuildPhase;
			buildActionMask = 2147483647;
			files = (
			);
			runOnlyForDeploymentPostprocessing = 0;
		};
/* End PBXFrameworksBuildPhase section */

/* Begin PBXGroup section */
		CEB8B7FF2B614EF100A85C09 = {
			isa = PBXGroup;
			children = (
				CEB8B80A2B614EF100A85C09 /* HamsterGallery */,
				CEB8B81B2B614EF400A85C09 /* HamsterGalleryTests */,
				CEB8B8252B614EF400A85C09 /* HamsterGalleryUITests */,
				CEB8B8092B614EF100A85C09 /* Products */,
			);
			sourceTree = "<group>";
		};
		CEB8B8092B614EF100A85C09 /* Products */ = {
			isa = PBXGroup;
			children = (
				CEB8B8082B614EF100A85C09 /* HamsterGallery.app */,
				CEB8B8182B614EF400A85C09 /* HamsterGalleryTests.xctest */,
				CEB8B8222B614EF400A85C09 /* HamsterGalleryUITests.xctest */,
			);
			name = Products;
			sourceTree = "<group>";
		};
		CEB8B80A2B614EF100A85C09 /* HamsterGallery */ = {
			isa = PBXGroup;
			children = (
				CEB8B80B2B614EF100A85C09 /* HamsterGalleryApp.swift */,
				CEB8B80D2B614EF100A85C09 /* ContentView.swift */,
				CEB8B80F2B614EF300A85C09 /* Assets.xcassets */,
				CEB8B8112B614EF300A85C09 /* Preview Content */,
				CEB8B8352B61541000A85C09 /* imagesDetail.swift */,
			);
			path = HamsterGallery;
			sourceTree = "<group>";
		};
		CEB8B8112B614EF300A85C09 /* Preview Content */ = {
			isa = PBXGroup;
			children = (
				CEB8B8122B614EF300A85C09 /* Preview Assets.xcassets */,
			);
			path = "Preview Content";
			sourceTree = "<group>";
		};
		CEB8B81B2B614EF400A85C09 /* HamsterGalleryTests */ = {
			isa = PBXGroup;
			children = (
				CEB8B81C2B614EF400A85C09 /* HamsterGalleryTests.swift */,
			);
			path = HamsterGalleryTests;
			sourceTree = "<group>";
		};
		CEB8B8252B614EF400A85C09 /* HamsterGalleryUITests */ = {
			isa = PBXGroup;
			children = (
				CEB8B8262B614EF400A85C09 /* HamsterGalleryUITests.swift */,
				CEB8B8282B614EF400A85C09 /* HamsterGalleryUITestsLaunchTests.swift */,
			);
			path = HamsterGalleryUITests;
			sourceTree = "<group>";
		};
/* End PBXGroup section */

/* Begin PBXNativeTarget section */
		CEB8B8072B614EF100A85C09 /* HamsterGallery */ = {
			isa = PBXNativeTarget;
			buildConfigurationList = CEB8B82C2B614EF400A85C09 /* Build configuration list for PBXNativeTarget "HamsterGallery" */;
			buildPhases = (
				CEB8B8042B614EF100A85C09 /* Sources */,
				CEB8B8052B614EF100A85C09 /* Frameworks */,
				CEB8B8062B614EF100A85C09 /* Resources */,
			);
			buildRules = (
			);
			dependencies = (
			);
			name = HamsterGallery;
			productName = HamsterGallery;
			productReference = CEB8B8082B614EF100A85C09 /* HamsterGallery.app */;
			productType = "com.apple.product-type.application";
		};
		CEB8B8172B614EF400A85C09 /* HamsterGalleryTests */ = {
			isa = PBXNativeTarget;
			buildConfigurationList = CEB8B82F2B614EF400A85C09 /* Build configuration list for PBXNativeTarget "HamsterGalleryTests" */;
			buildPhases = (
				CEB8B8142B614EF400A85C09 /* Sources */,
				CEB8B8152B614EF400A85C09 /* Frameworks */,
				CEB8B8162B614EF400A85C09 /* Resources */,
			);
			buildRules = (
			);
			dependencies = (
				CEB8B81A2B614EF400A85C09 /* PBXTargetDependency */,
			);
			name = HamsterGalleryTests;
			productName = HamsterGalleryTests;
			productReference = CEB8B8182B614EF400A85C09 /* HamsterGalleryTests.xctest */;
			productType = "com.apple.product-type.bundle.unit-test";
		};
		CEB8B8212B614EF400A85C09 /* HamsterGalleryUITests */ = {
			isa = PBXNativeTarget;
			buildConfigurationList = CEB8B8322B614EF400A85C09 /* Build configuration list for PBXNativeTarget "HamsterGalleryUITests" */;
			buildPhases = (
				CEB8B81E2B614EF400A85C09 /* Sources */,
				CEB8B81F2B614EF400A85C09 /* Frameworks */,
				CEB8B8202B614EF400A85C09 /* Resources */,
			);
			buildRules = (
			);
			dependencies = (
				CEB8B8242B614EF400A85C09 /* PBXTargetDependency */,
			);
			name = HamsterGalleryUITests;
			productName = HamsterGalleryUITests;
			productReference = CEB8B8222B614EF400A85C09 /* HamsterGalleryUITests.xctest */;
			productType = "com.apple.product-type.bundle.ui-testing";
		};
/* End PBXNativeTarget section */

/* Begin PBXProject section */
		CEB8B8002B614EF100A85C09 /* Project object */ = {
			isa = PBXProject;
			attributes = {
				BuildIndependentTargetsInParallel = 1;
				LastSwiftUpdateCheck = 1520;
				LastUpgradeCheck = 1520;
				TargetAttributes = {
					CEB8B8072B614EF100A85C09 = {
						CreatedOnToolsVersion = 15.2;
					};
					CEB8B8172B614EF400A85C09 = {
						CreatedOnToolsVersion = 15.2;
						TestTargetID = CEB8B8072B614EF100A85C09;
					};
					CEB8B8212B614EF400A85C09 = {
						CreatedOnToolsVersion = 15.2;
						TestTargetID = CEB8B8072B614EF100A85C09;
					};
				};
			};
			buildConfigurationList = CEB8B8032B614EF100A85C09 /* Build configuration list for PBXProject "HamsterGallery" */;
			compatibilityVersion = "Xcode 14.0";
			developmentRegion = en;
			hasScannedForEncodings = 0;
			knownRegions = (
				en,
				Base,
			);
			mainGroup = CEB8B7FF2B614EF100A85C09;
			productRefGroup = CEB8B8092B614EF100A85C09 /* Products */;
			projectDirPath = "";
			projectRoot = "";
			targets = (
				CEB8B8072B614EF100A85C09 /* HamsterGallery */,
				CEB8B8172B614EF400A85C09 /* HamsterGalleryTests */,
				CEB8B8212B614EF400A85C09 /* HamsterGalleryUITests */,
			);
		};
/* End PBXProject section */

/* Begin PBXResourcesBuildPhase section */
		CEB8B8062B614EF100A85C09 /* Resources */ = {
			isa = PBXResourcesBuildPhase;
			buildActionMask = 2147483647;
			files = (
				CEB8B8132B614EF300A85C09 /* Preview Assets.xcassets in Resources */,
				CEB8B8102B614EF300A85C09 /* Assets.xcassets in Resources */,
			);
			runOnlyForDeploymentPostprocessing = 0;
		};
		CEB8B8162B614EF400A85C09 /* Resources */ = {
			isa = PBXResourcesBuildPhase;
			buildActionMask = 2147483647;
			files = (
			);
			runOnlyForDeploymentPostprocessing = 0;
		};
		CEB8B8202B614EF400A85C09 /* Resources */ = {
			isa = PBXResourcesBuildPhase;
			buildActionMask = 2147483647;
			files = (
			);
			runOnlyForDeploymentPostprocessing = 0;
		};
/* End PBXResourcesBuildPhase section */

/* Begin PBXSourcesBuildPhase section */
		CEB8B8042B614EF100A85C09 /* Sources */ = {
			isa = PBXSourcesBuildPhase;
			buildActionMask = 2147483647;
			files = (
				CEB8B8362B61541000A85C09 /* imagesDetail.swift in Sources */,
				CEB8B80E2B614EF100A85C09 /* ContentView.swift in Sources */,
				CEB8B80C2B614EF100A85C09 /* HamsterGalleryApp.swift in Sources */,
			);
			runOnlyForDeploymentPostprocessing = 0;
		};
		CEB8B8142B614EF400A85C09 /* Sources */ = {
			isa = PBXSourcesBuildPhase;
			buildActionMask = 2147483647;
			files = (
				CEB8B81D2B614EF400A85C09 /* HamsterGalleryTests.swift in Sources */,
			);
			runOnlyForDeploymentPostprocessing = 0;
		};
		CEB8B81E2B614EF400A85C09 /* Sources */ = {
			isa = PBXSourcesBuildPhase;
			buildActionMask = 2147483647;
			files = (
				CEB8B8292B614EF400A85C09 /* HamsterGalleryUITestsLaunchTests.swift in Sources */,
				CEB8B8272B614EF400A85C09 /* HamsterGalleryUITests.swift in Sources */,
			);
			runOnlyForDeploymentPostprocessing = 0;
		};
/* End PBXSourcesBuildPhase section */

/* Begin PBXTargetDependency section */
		CEB8B81A2B614EF400A85C09 /* PBXTargetDependency */ = {
			isa = PBXTargetDependency;
			target = CEB8B8072B614EF100A85C09 /* HamsterGallery */;
			targetProxy = CEB8B8192B614EF400A85C09 /* PBXContainerItemProxy */;
		};
		CEB8B8242B614EF400A85C09 /* PBXTargetDependency */ = {
			isa = PBXTargetDependency;
			target = CEB8B8072B614EF100A85C09 /* HamsterGallery */;
			targetProxy = CEB8B8232B614EF400A85C09 /* PBXContainerItemProxy */;
		};
/* End PBXTargetDependency section */

/* Begin XCBuildConfiguration section */
		CEB8B82A2B614EF400A85C09 /* Debug */ = {
			isa = XCBuildConfiguration;
			buildSettings = {
				ALWAYS_SEARCH_USER_PATHS = NO;
				ASSETCATALOG_COMPILER_GENERATE_SWIFT_ASSET_SYMBOL_EXTENSIONS = YES;
				CLANG_ANALYZER_NONNULL = YES;
				CLANG_ANALYZER_NUMBER_OBJECT_CONVERSION = YES_AGGRESSIVE;
				CLANG_CXX_LANGUAGE_STANDARD = "gnu++20";
				CLANG_ENABLE_MODULES = YES;
				CLANG_ENABLE_OBJC_ARC = YES;
				CLANG_ENABLE_OBJC_WEAK = YES;
				CLANG_WARN_BLOCK_CAPTURE_AUTORELEASING = YES;
				CLANG_WARN_BOOL_CONVERSION = YES;
				CLANG_WARN_COMMA = YES;
				CLANG_WARN_CONSTANT_CONVERSION = YES;
				CLANG_WARN_DEPRECATED_OBJC_IMPLEMENTATIONS = YES;
				CLANG_WARN_DIRECT_OBJC_ISA_USAGE = YES_ERROR;
				CLANG_WARN_DOCUMENTATION_COMMENTS = YES;
				CLANG_WARN_EMPTY_BODY = YES;
				CLANG_WARN_ENUM_CONVERSION = YES;
				CLANG_WARN_INFINITE_RECURSION = YES;
				CLANG_WARN_INT_CONVERSION = YES;
				CLANG_WARN_NON_LITERAL_NULL_CONVERSION = YES;
				CLANG_WARN_OBJC_IMPLICIT_RETAIN_SELF = YES;
				CLANG_WARN_OBJC_LITERAL_CONVERSION = YES;
				CLANG_WARN_OBJC_ROOT_CLASS = YES_ERROR;
				CLANG_WARN_QUOTED_INCLUDE_IN_FRAMEWORK_HEADER = YES;
				CLANG_WARN_RANGE_LOOP_ANALYSIS = YES;
				CLANG_WARN_STRICT_PROTOTYPES = YES;
				CLANG_WARN_SUSPICIOUS_MOVE = YES;
				CLANG_WARN_UNGUARDED_AVAILABILITY = YES_AGGRESSIVE;
				CLANG_WARN_UNREACHABLE_CODE = YES;
				CLANG_WARN__DUPLICATE_METHOD_MATCH = YES;
				COPY_PHASE_STRIP = NO;
				DEBUG_INFORMATION_FORMAT = dwarf;
				ENABLE_STRICT_OBJC_MSGSEND = YES;
				ENABLE_TESTABILITY = YES;
				ENABLE_USER_SCRIPT_SANDBOXING = YES;
				GCC_C_LANGUAGE_STANDARD = gnu17;
				GCC_DYNAMIC_NO_PIC = NO;
				GCC_NO_COMMON_BLOCKS = YES;
				GCC_OPTIMIZATION_LEVEL = 0;
				GCC_PREPROCESSOR_DEFINITIONS = (
					"DEBUG=1",
					"$(inherited)",
				);
				GCC_WARN_64_TO_32_BIT_CONVERSION = YES;
				GCC_WARN_ABOUT_RETURN_TYPE = YES_ERROR;
				GCC_WARN_UNDECLARED_SELECTOR = YES;
				GCC_WARN_UNINITIALIZED_AUTOS = YES_AGGRESSIVE;
				GCC_WARN_UNUSED_FUNCTION = YES;
				GCC_WARN_UNUSED_VARIABLE = YES;
				IPHONEOS_DEPLOYMENT_TARGET = 17.2;
				LOCALIZATION_PREFERS_STRING_CATALOGS = YES;
				MTL_ENABLE_DEBUG_INFO = INCLUDE_SOURCE;
				MTL_FAST_MATH = YES;
				ONLY_ACTIVE_ARCH = YES;
				SDKROOT = iphoneos;
				SWIFT_ACTIVE_COMPILATION_CONDITIONS = "DEBUG $(inherited)";
				SWIFT_OPTIMIZATION_LEVEL = "-Onone";
			};
			name = Debug;
		};
		CEB8B82B2B614EF400A85C09 /* Release */ = {
			isa = XCBuildConfiguration;
			buildSettings = {
				ALWAYS_SEARCH_USER_PATHS = NO;
				ASSETCATALOG_COMPILER_GENERATE_SWIFT_ASSET_SYMBOL_EXTENSIONS = YES;
				CLANG_ANALYZER_NONNULL = YES;
				CLANG_ANALYZER_NUMBER_OBJECT_CONVERSION = YES_AGGRESSIVE;
				CLANG_CXX_LANGUAGE_STANDARD = "gnu++20";
				CLANG_ENABLE_MODULES = YES;
				CLANG_ENABLE_OBJC_ARC = YES;
				CLANG_ENABLE_OBJC_WEAK = YES;
				CLANG_WARN_BLOCK_CAPTURE_AUTORELEASING = YES;
				CLANG_WARN_BOOL_CONVERSION = YES;
				CLANG_WARN_COMMA = YES;
				CLANG_WARN_CONSTANT_CONVERSION = YES;
				CLANG_WARN_DEPRECATED_OBJC_IMPLEMENTATIONS = YES;
				CLANG_WARN_DIRECT_OBJC_ISA_USAGE = YES_ERROR;
				CLANG_WARN_DOCUMENTATION_COMMENTS = YES;
				CLANG_WARN_EMPTY_BODY = YES;
				CLANG_WARN_ENUM_CONVERSION = YES;
				CLANG_WARN_INFINITE_RECURSION = YES;
				CLANG_WARN_INT_CONVERSION = YES;
				CLANG_WARN_NON_LITERAL_NULL_CONVERSION = YES;
				CLANG_WARN_OBJC_IMPLICIT_RETAIN_SELF = YES;
				CLANG_WARN_OBJC_LITERAL_CONVERSION = YES;
				CLANG_WARN_OBJC_ROOT_CLASS = YES_ERROR;
				CLANG_WARN_QUOTED_INCLUDE_IN_FRAMEWORK_HEADER = YES;
				CLANG_WARN_RANGE_LOOP_ANALYSIS = YES;
				CLANG_WARN_STRICT_PROTOTYPES = YES;
				CLANG_WARN_SUSPICIOUS_MOVE = YES;
				CLANG_WARN_UNGUARDED_AVAILABILITY = YES_AGGRESSIVE;
				CLANG_WARN_UNREACHABLE_CODE = YES;
				CLANG_WARN__DUPLICATE_METHOD_MATCH = YES;
				COPY_PHASE_STRIP = NO;
				DEBUG_INFORMATION_FORMAT = "dwarf-with-dsym";
				ENABLE_NS_ASSERTIONS = NO;
				ENABLE_STRICT_OBJC_MSGSEND = YES;
				ENABLE_USER_SCRIPT_SANDBOXING = YES;
				GCC_C_LANGUAGE_STANDARD = gnu17;
				GCC_NO_COMMON_BLOCKS = YES;
				GCC_WARN_64_TO_32_BIT_CONVERSION = YES;
				GCC_WARN_ABOUT_RETURN_TYPE = YES_ERROR;
				GCC_WARN_UNDECLARED_SELECTOR = YES;
				GCC_WARN_UNINITIALIZED_AUTOS = YES_AGGRESSIVE;
				GCC_WARN_UNUSED_FUNCTION = YES;
				GCC_WARN_UNUSED_VARIABLE = YES;
				IPHONEOS_DEPLOYMENT_TARGET = 17.2;
				LOCALIZATION_PREFERS_STRING_CATALOGS = YES;
				MTL_ENABLE_DEBUG_INFO = NO;
				MTL_FAST_MATH = YES;
				SDKROOT = iphoneos;
				SWIFT_COMPILATION_MODE = wholemodule;
				VALIDATE_PRODUCT = YES;
			};
			name = Release;
		};
		CEB8B82D2B614EF400A85C09 /* Debug */ = {
			isa = XCBuildConfiguration;
			buildSettings = {
				ASSETCATALOG_COMPILER_APPICON_NAME = AppIcon;
				ASSETCATALOG_COMPILER_GLOBAL_ACCENT_COLOR_NAME = AccentColor;
				CODE_SIGN_STYLE = Automatic;
				CURRENT_PROJECT_VERSION = 1;
				DEVELOPMENT_ASSET_PATHS = "\"HamsterGallery/Preview Content\"";
				ENABLE_PREVIEWS = YES;
				GENERATE_INFOPLIST_FILE = YES;
				INFOPLIST_KEY_UIApplicationSceneManifest_Generation = YES;
				INFOPLIST_KEY_UIApplicationSupportsIndirectInputEvents = YES;
				INFOPLIST_KEY_UILaunchScreen_Generation = YES;
				INFOPLIST_KEY_UISupportedInterfaceOrientations_iPad = "UIInterfaceOrientationPortrait UIInterfaceOrientationPortraitUpsideDown UIInterfaceOrientationLandscapeLeft UIInterfaceOrientationLandscapeRight";
				INFOPLIST_KEY_UISupportedInterfaceOrientations_iPhone = "UIInterfaceOrientationPortrait UIInterfaceOrientationLandscapeLeft UIInterfaceOrientationLandscapeRight";
				LD_RUNPATH_SEARCH_PATHS = (
					"$(inherited)",
					"@executable_path/Frameworks",
				);
				MARKETING_VERSION = 1.0;
				PRODUCT_BUNDLE_IDENTIFIER = AR2024.HamsterGallery;
				PRODUCT_NAME = "$(TARGET_NAME)";
				SWIFT_EMIT_LOC_STRINGS = YES;
				SWIFT_VERSION = 5.0;
				TARGETED_DEVICE_FAMILY = "1,2";
			};
			name = Debug;
		};
		CEB8B82E2B614EF400A85C09 /* Release */ = {
			isa = XCBuildConfiguration;
			buildSettings = {
				ASSETCATALOG_COMPILER_APPICON_NAME = AppIcon;
				ASSETCATALOG_COMPILER_GLOBAL_ACCENT_COLOR_NAME = AccentColor;
				CODE_SIGN_STYLE = Automatic;
				CURRENT_PROJECT_VERSION = 1;
				DEVELOPMENT_ASSET_PATHS = "\"HamsterGallery/Preview Content\"";
				ENABLE_PREVIEWS = YES;
				GENERATE_INFOPLIST_FILE = YES;
				INFOPLIST_KEY_UIApplicationSceneManifest_Generation = YES;
				INFOPLIST_KEY_UIApplicationSupportsIndirectInputEvents = YES;
				INFOPLIST_KEY_UILaunchScreen_Generation = YES;
				INFOPLIST_KEY_UISupportedInterfaceOrientations_iPad = "UIInterfaceOrientationPortrait UIInterfaceOrientationPortraitUpsideDown UIInterfaceOrientationLandscapeLeft UIInterfaceOrientationLandscapeRight";
				INFOPLIST_KEY_UISupportedInterfaceOrientations_iPhone = "UIInterfaceOrientationPortrait UIInterfaceOrientationLandscapeLeft UIInterfaceOrientationLandscapeRight";
				LD_RUNPATH_SEARCH_PATHS = (
					"$(inherited)",
					"@executable_path/Frameworks",
				);
				MARKETING_VERSION = 1.0;
				PRODUCT_BUNDLE_IDENTIFIER = AR2024.HamsterGallery;
				PRODUCT_NAME = "$(TARGET_NAME)";
				SWIFT_EMIT_LOC_STRINGS = YES;
				SWIFT_VERSION = 5.0;
				TARGETED_DEVICE_FAMILY = "1,2";
			};
			name = Release;
		};
		CEB8B8302B614EF400A85C09 /* Debug */ = {
			isa = XCBuildConfiguration;
			buildSettings = {
				ALWAYS_EMBED_SWIFT_STANDARD_LIBRARIES = YES;
				BUNDLE_LOADER = "$(TEST_HOST)";
				CODE_SIGN_STYLE = Automatic;
				CURRENT_PROJECT_VERSION = 1;
				GENERATE_INFOPLIST_FILE = YES;
				IPHONEOS_DEPLOYMENT_TARGET = 17.2;
				MARKETING_VERSION = 1.0;
				PRODUCT_BUNDLE_IDENTIFIER = AR2024.HamsterGalleryTests;
				PRODUCT_NAME = "$(TARGET_NAME)";
				SWIFT_EMIT_LOC_STRINGS = NO;
				SWIFT_VERSION = 5.0;
				TARGETED_DEVICE_FAMILY = "1,2";
				TEST_HOST = "$(BUILT_PRODUCTS_DIR)/HamsterGallery.app/$(BUNDLE_EXECUTABLE_FOLDER_PATH)/HamsterGallery";
			};
			name = Debug;
		};
		CEB8B8312B614EF400A85C09 /* Release */ = {
			isa = XCBuildConfiguration;
			buildSettings = {
				ALWAYS_EMBED_SWIFT_STANDARD_LIBRARIES = YES;
				BUNDLE_LOADER = "$(TEST_HOST)";
				CODE_SIGN_STYLE = Automatic;
				CURRENT_PROJECT_VERSION = 1;
				GENERATE_INFOPLIST_FILE = YES;
				IPHONEOS_DEPLOYMENT_TARGET = 17.2;
				MARKETING_VERSION = 1.0;
				PRODUCT_BUNDLE_IDENTIFIER = AR2024.HamsterGalleryTests;
				PRODUCT_NAME = "$(TARGET_NAME)";
				SWIFT_EMIT_LOC_STRINGS = NO;
				SWIFT_VERSION = 5.0;
				TARGETED_DEVICE_FAMILY = "1,2";
				TEST_HOST = "$(BUILT_PRODUCTS_DIR)/HamsterGallery.app/$(BUNDLE_EXECUTABLE_FOLDER_PATH)/HamsterGallery";
			};
			name = Release;
		};
		CEB8B8332B614EF400A85C09 /* Debug */ = {
			isa = XCBuildConfiguration;
			buildSettings = {
				ALWAYS_EMBED_SWIFT_STANDARD_LIBRARIES = YES;
				CODE_SIGN_STYLE = Automatic;
				CURRENT_PROJECT_VERSION = 1;
				GENERATE_INFOPLIST_FILE = YES;
				MARKETING_VERSION = 1.0;
				PRODUCT_BUNDLE_IDENTIFIER = AR2024.HamsterGalleryUITests;
				PRODUCT_NAME = "$(TARGET_NAME)";
				SWIFT_EMIT_LOC_STRINGS = NO;
				SWIFT_VERSION = 5.0;
				TARGETED_DEVICE_FAMILY = "1,2";
				TEST_TARGET_NAME = HamsterGallery;
			};
			name = Debug;
		};
		CEB8B8342B614EF400A85C09 /* Release */ = {
			isa = XCBuildConfiguration;
			buildSettings = {
				ALWAYS_EMBED_SWIFT_STANDARD_LIBRARIES = YES;
				CODE_SIGN_STYLE = Automatic;
				CURRENT_PROJECT_VERSION = 1;
				GENERATE_INFOPLIST_FILE = YES;
				MARKETING_VERSION = 1.0;
				PRODUCT_BUNDLE_IDENTIFIER = AR2024.HamsterGalleryUITests;
				PRODUCT_NAME = "$(TARGET_NAME)";
				SWIFT_EMIT_LOC_STRINGS = NO;
				SWIFT_VERSION = 5.0;
				TARGETED_DEVICE_FAMILY = "1,2";
				TEST_TARGET_NAME = HamsterGallery;
			};
			name = Release;
		};
/* End XCBuildConfiguration section */

/* Begin XCConfigurationList section */
		CEB8B8032B614EF100A85C09 /* Build configuration list for PBXProject "HamsterGallery" */ = {
			isa = XCConfigurationList;
			buildConfigurations = (
				CEB8B82A2B614EF400A85C09 /* Debug */,
				CEB8B82B2B614EF400A85C09 /* Release */,
			);
			defaultConfigurationIsVisible = 0;
			defaultConfigurationName = Release;
		};
		CEB8B82C2B614EF400A85C09 /* Build configuration list for PBXNativeTarget "HamsterGallery" */ = {
			isa = XCConfigurationList;
			buildConfigurations = (
				CEB8B82D2B614EF400A85C09 /* Debug */,
				CEB8B82E2B614EF400A85C09 /* Release */,
			);
			defaultConfigurationIsVisible = 0;
			defaultConfigurationName = Release;
		};
		CEB8B82F2B614EF400A85C09 /* Build configuration list for PBXNativeTarget "HamsterGalleryTests" */ = {
			isa = XCConfigurationList;
			buildConfigurations = (
				CEB8B8302B614EF400A85C09 /* Debug */,
				CEB8B8312B614EF400A85C09 /* Release */,
			);
			defaultConfigurationIsVisible = 0;
			defaultConfigurationName = Release;
		};
		CEB8B8322B614EF400A85C09 /* Build configuration list for PBXNativeTarget "HamsterGalleryUITests" */ = {
			isa = XCConfigurationList;
			buildConfigurations = (
				CEB8B8332B614EF400A85C09 /* Debug */,
				CEB8B8342B614EF400A85C09 /* Release */,
			);
			defaultConfigurationIsVisible = 0;
			defaultConfigurationName = Release;
		};
/* End XCConfigurationList section */
	};
	rootObject = CEB8B8002B614EF100A85C09 /* Project object */;
}
